
Microsoft Visual Studio Solution File, Format Version 12.00
# Visual Studio Version 16
VisualStudioVersion = 16.0.31515.178
MinimumVisualStudioVersion = 10.0.40219.1
Project("{FAE04EC0-301F-11D3-BF4B-00C04F79EFBC}") = "tryingaccesiopacket", "tryingaccesiopacket\tryingaccesiopacket.csproj", "{AFCD746E-2505-4D6F-B6A9-48CA3CC730C6}"
EndProject
Project("{FAE04EC0-301F-11D3-BF4B-00C04F79EFBC}") = "Accesio", "Accesio\Accesio.csproj", "{203FA4CB-ADAA-470F-BEAD-62F5092E479D}"
EndProject
Global
	GlobalSection(SolutionConfigurationPlatforms) = preSolution
		Debug|Any CPU = Debug|Any CPU
		Release|Any CPU = Release|Any CPU
	EndGlobalSection
	GlobalSection(ProjectConfigurationPlatforms) = postSolution
		{AFCD746E-2505-4D6F-B6A9-48CA3CC730C6}.Debug|Any CPU.ActiveCfg = Debug|Any CPU
		{AFCD746E-2505-4D6F-B6A9-48CA3CC730C6}.Debug|Any CPU.Build.0 = Debug|Any CPU
		{AFCD746E-2505-4D6F-B6A9-48CA3CC730C6}.Release|Any CPU.ActiveCfg = Release|Any CPU
		{AFCD746E-2505-4D6F-B6A9-48CA3CC730C6}.Release|Any CPU.Build.0 = Release|Any CPU
		{203FA4CB-ADAA-470F-BEAD-62F5092E479D}.Debug|Any CPU.ActiveCfg = Debug|Any CPU
		{203FA4CB-ADAA-470F-BEAD-62F5092E479D}.Debug|Any CPU.Build.0 = Debug|Any CPU
		{203FA4CB-ADAA-470F-BEAD-62F5092E479D}.Release|Any CPU.ActiveCfg = Release|Any CPU
		{203FA4CB-ADAA-470F-BEAD-62F5092E479D}.Release|Any CPU.Build.0 = Release|Any CPU
	EndGlobalSection
	GlobalSection(SolutionProperties) = preSolution
		HideSolutionNode = FALSE
	EndGlobalSection
	GlobalSection(ExtensibilityGlobals) = postSolution
		SolutionGuid = {04AD4540-0CAF-402E-AFA1-7DDA965C04B1}
	EndGlobalSection
EndGlobal
